{
    "_readme": [
        "This file locks the dependencies of your project to a known state",
        "Read more about it at https://getcomposer.org/doc/01-basic-usage.md#composer-lock-the-lock-file",
        "This file is @generated automatically"
    ],
    "content-hash": "c5f80ac745774076357af880735b09d4",
    "packages": [
        {
            "name": "archon810/smartdomdocument",
            "version": "dev-master",
            "source": {
                "type": "git",
                "url": "https://bitbucket.org/archon810/smartdomdocument.git",
                "reference": "fd4c92a8e1fac4ce9a89b54ad1a6beafbda27fd9"
            },
            "dist": {
                "type": "zip",
                "url": "https://bitbucket.org/archon810/smartdomdocument/get/fd4c92a8e1fac4ce9a89b54ad1a6beafbda27fd9.zip",
                "reference": "fd4c92a8e1fac4ce9a89b54ad1a6beafbda27fd9",
                "shasum": ""
            },
            "require-dev": {
                "phpunit/phpunit": "^4.8"
            },
            "type": "library",
            "autoload": {
                "psr-4": {
                    "archon810\\": "src"
                }
            },
            "autoload-dev": {
                "psr-4": {
                    "archon810\\": "test"
                }
            },
            "authors": [
                {
                    "name": "Artem Russakovskii",
                    "email": "artem@androidpolice.com"
                }
            ],
            "description": "Overcomes a few common annoyances with the DOMDocument class",
            "homepage": "https://bitbucket.org/archon810/smartdomdocument",
            "support": {
                "source": "https://bitbucket.org/archon810/smartdomdocument/src/fd4c92a8e1fac4ce9a89b54ad1a6beafbda27fd9/?at=master",
                "issues": "https://bitbucket.org/archon810/smartdomdocument/issues"
            },
            "time": "2015-11-03T16:23:49+00:00"
        }
    ],
    "packages-dev": [
        {
            "name": "psr/log",
            "version": "1.0.2",
            "source": {
                "type": "git",
                "url": "https://github.com/php-fig/log.git",
                "reference": "4ebe3a8bf773a19edfe0a84b6585ba3d401b724d"
            },
            "dist": {
                "type": "zip",
                "url": "https://api.github.com/repos/php-fig/log/zipball/4ebe3a8bf773a19edfe0a84b6585ba3d401b724d",
                "reference": "4ebe3a8bf773a19edfe0a84b6585ba3d401b724d",
                "shasum": ""
            },
            "require": {
                "php": ">=5.3.0"
            },
            "type": "library",
            "extra": {
                "branch-alias": {
                    "dev-master": "1.0.x-dev"
                }
            },
            "autoload": {
                "psr-4": {
                    "Psr\\Log\\": "Psr/Log/"
                }
            },
            "notification-url": "https://packagist.org/downloads/",
            "license": [
                "MIT"
            ],
            "authors": [
                {
                    "name": "PHP-FIG",
                    "homepage": "http://www.php-fig.org/"
                }
            ],
            "description": "Common interface for logging libraries",
            "homepage": "https://github.com/php-fig/log",
            "keywords": [
                "log",
                "psr",
                "psr-3"
            ],
            "time": "2016-10-10T12:19:37+00:00"
        },
        {
            "name": "symfony/console",
            "version": "v3.3.13",
            "source": {
                "type": "git",
                "url": "https://github.com/symfony/console.git",
                "reference": "63cd7960a0a522c3537f6326706d7f3b8de65805"
            },
            "dist": {
                "type": "zip",
                "url": "https://api.github.com/repos/symfony/console/zipball/63cd7960a0a522c3537f6326706d7f3b8de65805",
                "reference": "63cd7960a0a522c3537f6326706d7f3b8de65805",
                "shasum": ""
            },
            "require": {
                "php": "^5.5.9|>=7.0.8",
                "symfony/debug": "~2.8|~3.0",
                "symfony/polyfill-mbstring": "~1.0"
            },
            "conflict": {
                "symfony/dependency-injection": "<3.3"
            },
            "require-dev": {
                "psr/log": "~1.0",
                "symfony/config": "~3.3",
                "symfony/dependency-injection": "~3.3",
                "symfony/event-dispatcher": "~2.8|~3.0",
                "symfony/filesystem": "~2.8|~3.0",
                "symfony/process": "~2.8|~3.0"
            },
            "suggest": {
                "psr/log": "For using the console logger",
                "symfony/event-dispatcher": "",
                "symfony/filesystem": "",
                "symfony/process": ""
            },
            "type": "library",
            "extra": {
                "branch-alias": {
                    "dev-master": "3.3-dev"
                }
            },
            "autoload": {
                "psr-4": {
                    "Symfony\\Component\\Console\\": ""
                },
                "exclude-from-classmap": [
                    "/Tests/"
                ]
            },
            "notification-url": "https://packagist.org/downloads/",
            "license": [
                "MIT"
            ],
            "authors": [
                {
                    "name": "Fabien Potencier",
                    "email": "fabien@symfony.com"
                },
                {
                    "name": "Symfony Community",
                    "homepage": "https://symfony.com/contributors"
                }
            ],
            "description": "Symfony Console Component",
            "homepage": "https://symfony.com",
            "time": "2017-11-16T15:24:32+00:00"
        },
        {
            "name": "symfony/debug",
            "version": "v3.3.13",
            "source": {
                "type": "git",
                "url": "https://github.com/symfony/debug.git",
                "reference": "74557880e2846b5c84029faa96b834da37e29810"
            },
            "dist": {
                "type": "zip",
                "url": "https://api.github.com/repos/symfony/debug/zipball/74557880e2846b5c84029faa96b834da37e29810",
                "reference": "74557880e2846b5c84029faa96b834da37e29810",
                "shasum": ""
            },
            "require": {
                "php": "^5.5.9|>=7.0.8",
                "psr/log": "~1.0"
            },
            "conflict": {
                "symfony/http-kernel": ">=2.3,<2.3.24|~2.4.0|>=2.5,<2.5.9|>=2.6,<2.6.2"
            },
            "require-dev": {
                "symfony/http-kernel": "~2.8|~3.0"
            },
            "type": "library",
            "extra": {
                "branch-alias": {
                    "dev-master": "3.3-dev"
                }
            },
            "autoload": {
                "psr-4": {
                    "Symfony\\Component\\Debug\\": ""
                },
                "exclude-from-classmap": [
                    "/Tests/"
                ]
            },
            "notification-url": "https://packagist.org/downloads/",
            "license": [
                "MIT"
            ],
            "authors": [
                {
                    "name": "Fabien Potencier",
                    "email": "fabien@symfony.com"
                },
                {
                    "name": "Symfony Community",
                    "homepage": "https://symfony.com/contributors"
                }
            ],
            "description": "Symfony Debug Component",
            "homepage": "https://symfony.com",
            "time": "2017-11-10T16:38:39+00:00"
        },
        {
            "name": "symfony/polyfill-mbstring",
            "version": "v1.6.0",
            "source": {
                "type": "git",
                "url": "https://github.com/symfony/polyfill-mbstring.git",
                "reference": "2ec8b39c38cb16674bbf3fea2b6ce5bf117e1296"
            },
            "dist": {
                "type": "zip",
                "url": "https://api.github.com/repos/symfony/polyfill-mbstring/zipball/2ec8b39c38cb16674bbf3fea2b6ce5bf117e1296",
                "reference": "2ec8b39c38cb16674bbf3fea2b6ce5bf117e1296",
                "shasum": ""
            },
            "require": {
                "php": ">=5.3.3"
            },
            "suggest": {
                "ext-mbstring": "For best performance"
            },
            "type": "library",
            "extra": {
                "branch-alias": {
                    "dev-master": "1.6-dev"
                }
            },
            "autoload": {
                "psr-4": {
                    "Symfony\\Polyfill\\Mbstring\\": ""
                },
                "files": [
                    "bootstrap.php"
                ]
            },
            "notification-url": "https://packagist.org/downloads/",
            "license": [
                "MIT"
            ],
            "authors": [
                {
                    "name": "Nicolas Grekas",
                    "email": "p@tchwork.com"
                },
                {
                    "name": "Symfony Community",
                    "homepage": "https://symfony.com/contributors"
                }
            ],
            "description": "Symfony polyfill for the Mbstring extension",
            "homepage": "https://symfony.com",
            "keywords": [
                "compatibility",
                "mbstring",
                "polyfill",
                "portable",
                "shim"
            ],
            "time": "2017-10-11T12:05:26+00:00"
        },
        {
            "name": "wpreadme2markdown/wp2md",
            "version": "3.0.0",
            "source": {
                "type": "git",
                "url": "https://github.com/wpreadme2markdown/wp2md.git",
                "reference": "37efd5284240a076c6a7f25af7314449c3271b28"
            },
            "dist": {
                "type": "zip",
                "url": "https://api.github.com/repos/wpreadme2markdown/wp2md/zipball/37efd5284240a076c6a7f25af7314449c3271b28",
                "reference": "37efd5284240a076c6a7f25af7314449c3271b28",
                "shasum": ""
            },
            "require": {
                "php": ">= 5.5.9",
                "symfony/console": "^3.2",
                "wpreadme2markdown/wpreadme2markdown": "^3.0"
            },
            "require-dev": {
                "indeyets/pake": "~1.99",
                "secondtruth/phar-compiler": "~1.1"
            },
            "bin": [
                "bin/wp2md"
            ],
            "type": "library",
            "autoload": {
                "psr-4": {
                    "WPReadme2Markdown\\Cli\\": "src/"
                }
            },
            "notification-url": "https://packagist.org/downloads/",
            "license": [
                "MIT"
            ],
            "authors": [
                {
                    "name": "Benjamin J. Balter"
                },
                {
                    "name": "Christian Archer",
                    "email": "sunchaser@sunchaser.info"
                }
            ],
            "description": "CLI tool for converting WordPress Plugin readme.txt to Markdown",
            "keywords": [
                "converter",
                "markdown",
                "readme",
                "wordpress"
            ],
            "time": "2017-08-06T05:13:47+00:00"
        },
        {
            "name": "wpreadme2markdown/wpreadme2markdown",
            "version": "3.0.0",
            "source": {
                "type": "git",
                "url": "https://github.com/wpreadme2markdown/wp-readme-to-markdown.git",
                "reference": "50c4a56503cd26b48c28fad19be281b948b8c2e0"
            },
            "dist": {
                "type": "zip",
                "url": "https://api.github.com/repos/wpreadme2markdown/wp-readme-to-markdown/zipball/50c4a56503cd26b48c28fad19be281b948b8c2e0",
                "reference": "50c4a56503cd26b48c28fad19be281b948b8c2e0",
                "shasum": ""
            },
            "require": {
                "php": ">= 5.3.3"
            },
            "type": "library",
            "autoload": {
                "psr-4": {
                    "WPReadme2Markdown\\": "src/"
                }
            },
            "notification-url": "https://packagist.org/downloads/",
            "license": [
                "MIT"
            ],
            "authors": [
                {
                    "name": "Benjamin J. Balter"
                },
                {
                    "name": "Christian Archer",
                    "email": "sunchaser@sunchaser.info"
                }
            ],
            "description": "Convert WordPress Plugin readme.txt to Markdown",
            "keywords": [
                "converter",
                "markdown",
                "readme",
                "wordpress"
            ],
            "time": "2017-08-06T04:42:13+00:00"
        }
    ],
    "aliases": [],
    "minimum-stability": "stable",
    "stability-flags": {
        "archon810/smartdomdocument": 20
    },
    "prefer-stable": false,
    "prefer-lowest": false,
    "platform": [],
    "platform-dev": []
}
