{
    "_readme": [
        "This file locks the dependencies of your project to a known state",
        "Read more about it at https://getcomposer.org/doc/01-basic-usage.md#installing-dependencies",
        "This file is @generated automatically"
    ],
    "content-hash": "d9468290d4b47b742a4046968ca08845",
    "packages": [
        {
            "name": "ivopetkov/html5-dom-document-php",
            "version": "v0.5.9",
            "source": {
                "type": "git",
                "url": "https://github.com/ivopetkov/html5-dom-document-php.git",
                "reference": "86a6e417e367b8e32747771d6e7e70a685ba1755"
            },
            "dist": {
                "type": "zip",
                "url": "https://api.github.com/repos/ivopetkov/html5-dom-document-php/zipball/86a6e417e367b8e32747771d6e7e70a685ba1755",
                "reference": "86a6e417e367b8e32747771d6e7e70a685ba1755",
                "shasum": ""
            },
            "require": {
                "php": ">=7.0.0"
            },
            "require-dev": {
                "phpunit/phpunit": "^4.8"
            },
            "type": "library",
            "autoload": {
                "psr-4": {
                    "IvoPetkov\\": "src/"
                }
            },
            "notification-url": "https://packagist.org/downloads/",
            "license": [
                "MIT"
            ],
            "authors": [
                {
                    "name": "Ivo Petkov",
                    "email": "ivo@ivopetkov.com",
                    "homepage": "http://ivopetkov.com"
                }
            ],
            "description": "HTML5 DOMDocument PHP library (extends DOMDocument)",
            "time": "2018-04-28T16:04:39+00:00"
        }
    ],
    "packages-dev": [
        {
            "name": "symfony/console",
            "version": "v4.1.0",
            "source": {
                "type": "git",
                "url": "https://github.com/symfony/console.git",
                "reference": "2d5d973bf9933d46802b01010bd25c800c87c242"
            },
            "dist": {
                "type": "zip",
                "url": "https://api.github.com/repos/symfony/console/zipball/2d5d973bf9933d46802b01010bd25c800c87c242",
                "reference": "2d5d973bf9933d46802b01010bd25c800c87c242",
                "shasum": ""
            },
            "require": {
                "php": "^7.1.3",
                "symfony/polyfill-mbstring": "~1.0"
            },
            "conflict": {
                "symfony/dependency-injection": "<3.4",
                "symfony/process": "<3.3"
            },
            "require-dev": {
                "psr/log": "~1.0",
                "symfony/config": "~3.4|~4.0",
                "symfony/dependency-injection": "~3.4|~4.0",
                "symfony/event-dispatcher": "~3.4|~4.0",
                "symfony/lock": "~3.4|~4.0",
                "symfony/process": "~3.4|~4.0"
            },
            "suggest": {
                "psr/log-implementation": "For using the console logger",
                "symfony/event-dispatcher": "",
                "symfony/lock": "",
                "symfony/process": ""
            },
            "type": "library",
            "extra": {
                "branch-alias": {
                    "dev-master": "4.1-dev"
                }
            },
            "autoload": {
                "psr-4": {
                    "Symfony\\Component\\Console\\": ""
                },
                "exclude-from-classmap": [
                    "/Tests/"
                ]
            },
            "notification-url": "https://packagist.org/downloads/",
            "license": [
                "MIT"
            ],
            "authors": [
                {
                    "name": "Fabien Potencier",
                    "email": "fabien@symfony.com"
                },
                {
                    "name": "Symfony Community",
                    "homepage": "https://symfony.com/contributors"
                }
            ],
            "description": "Symfony Console Component",
            "homepage": "https://symfony.com",
            "time": "2018-05-30T07:26:09+00:00"
        },
        {
            "name": "symfony/polyfill-mbstring",
            "version": "v1.8.0",
            "source": {
                "type": "git",
                "url": "https://github.com/symfony/polyfill-mbstring.git",
                "reference": "3296adf6a6454a050679cde90f95350ad604b171"
            },
            "dist": {
                "type": "zip",
                "url": "https://api.github.com/repos/symfony/polyfill-mbstring/zipball/3296adf6a6454a050679cde90f95350ad604b171",
                "reference": "3296adf6a6454a050679cde90f95350ad604b171",
                "shasum": ""
            },
            "require": {
                "php": ">=5.3.3"
            },
            "suggest": {
                "ext-mbstring": "For best performance"
            },
            "type": "library",
            "extra": {
                "branch-alias": {
                    "dev-master": "1.8-dev"
                }
            },
            "autoload": {
                "psr-4": {
                    "Symfony\\Polyfill\\Mbstring\\": ""
                },
                "files": [
                    "bootstrap.php"
                ]
            },
            "notification-url": "https://packagist.org/downloads/",
            "license": [
                "MIT"
            ],
            "authors": [
                {
                    "name": "Nicolas Grekas",
                    "email": "p@tchwork.com"
                },
                {
                    "name": "Symfony Community",
                    "homepage": "https://symfony.com/contributors"
                }
            ],
            "description": "Symfony polyfill for the Mbstring extension",
            "homepage": "https://symfony.com",
            "keywords": [
                "compatibility",
                "mbstring",
                "polyfill",
                "portable",
                "shim"
            ],
            "time": "2018-04-26T10:06:28+00:00"
        },
        {
            "name": "wpreadme2markdown/wp2md",
            "version": "3.0.1",
            "source": {
                "type": "git",
                "url": "https://github.com/wpreadme2markdown/wp2md.git",
                "reference": "6fec3a213080e32a5d53a235f89c6cf4d910572a"
            },
            "dist": {
                "type": "zip",
                "url": "https://api.github.com/repos/wpreadme2markdown/wp2md/zipball/6fec3a213080e32a5d53a235f89c6cf4d910572a",
                "reference": "6fec3a213080e32a5d53a235f89c6cf4d910572a",
                "shasum": ""
            },
            "require": {
                "php": ">= 5.5.9",
                "symfony/console": "^3.2|^4.0",
                "wpreadme2markdown/wpreadme2markdown": "^3.0.1"
            },
            "require-dev": {
                "indeyets/pake": "~1.99",
                "secondtruth/phar-compiler": "~1.1"
            },
            "bin": [
                "bin/wp2md"
            ],
            "type": "library",
            "autoload": {
                "psr-4": {
                    "WPReadme2Markdown\\Cli\\": "src/"
                }
            },
            "notification-url": "https://packagist.org/downloads/",
            "license": [
                "MIT"
            ],
            "authors": [
                {
                    "name": "Benjamin J. Balter"
                },
                {
                    "name": "Christian Archer",
                    "email": "sunchaser@sunchaser.info"
                }
            ],
            "description": "CLI tool for converting WordPress Plugin readme.txt to Markdown",
            "keywords": [
                "converter",
                "markdown",
                "readme",
                "wordpress"
            ],
            "time": "2017-11-24T21:19:21+00:00"
        },
        {
            "name": "wpreadme2markdown/wpreadme2markdown",
            "version": "3.0.1",
            "source": {
                "type": "git",
                "url": "https://github.com/wpreadme2markdown/wp-readme-to-markdown.git",
                "reference": "8066915828bb05a12b44360cda986e1d9e60047e"
            },
            "dist": {
                "type": "zip",
                "url": "https://api.github.com/repos/wpreadme2markdown/wp-readme-to-markdown/zipball/8066915828bb05a12b44360cda986e1d9e60047e",
                "reference": "8066915828bb05a12b44360cda986e1d9e60047e",
                "shasum": ""
            },
            "require": {
                "php": ">= 5.3.3"
            },
            "type": "library",
            "autoload": {
                "psr-4": {
                    "WPReadme2Markdown\\": "src/"
                }
            },
            "notification-url": "https://packagist.org/downloads/",
            "license": [
                "MIT"
            ],
            "authors": [
                {
                    "name": "Benjamin J. Balter"
                },
                {
                    "name": "Christian Archer",
                    "email": "sunchaser@sunchaser.info"
                }
            ],
            "description": "Convert WordPress Plugin readme.txt to Markdown",
            "keywords": [
                "converter",
                "markdown",
                "readme",
                "wordpress"
            ],
            "time": "2017-11-24T20:36:13+00:00"
        }
    ],
    "aliases": [],
    "minimum-stability": "stable",
    "stability-flags": [],
    "prefer-stable": false,
    "prefer-lowest": false,
    "platform": [],
    "platform-dev": []
}
